
Microsoft Visual Studio Solution File, Format Version 12.00
# Visual Studio Version 17
VisualStudioVersion = 17.11.35312.102
MinimumVisualStudioVersion = 10.0.40219.1
Project("{FAE04EC0-301F-11D3-BF4B-00C04F79EFBC}") = "ProyPOOI_T2", "ProyPOOI_T2\ProyPOOI_T2.csproj", "{31DB9713-1ECD-43FB-B13D-93CC26234907}"
EndProject
Global
	GlobalSection(SolutionConfigurationPlatforms) = preSolution
		Debug|Any CPU = Debug|Any CPU
		Release|Any CPU = Release|Any CPU
	EndGlobalSection
	GlobalSection(ProjectConfigurationPlatforms) = postSolution
		{31DB9713-1ECD-43FB-B13D-93CC26234907}.Debug|Any CPU.ActiveCfg = Debug|Any CPU
		{31DB9713-1ECD-43FB-B13D-93CC26234907}.Debug|Any CPU.Build.0 = Debug|Any CPU
		{31DB9713-1ECD-43FB-B13D-93CC26234907}.Release|Any CPU.ActiveCfg = Release|Any CPU
		{31DB9713-1ECD-43FB-B13D-93CC26234907}.Release|Any CPU.Build.0 = Release|Any CPU
	EndGlobalSection
	GlobalSection(SolutionProperties) = preSolution
		HideSolutionNode = FALSE
	EndGlobalSection
	GlobalSection(ExtensibilityGlobals) = postSolution
		SolutionGuid = {8CC93597-C63E-4579-9AE4-BC9FE4D79642}
	EndGlobalSection
EndGlobal
